
Microsoft Visual Studio Solution File, Format Version 12.00
# Visual Studio Version 17
VisualStudioVersion = 17.9.34616.47
MinimumVisualStudioVersion = 10.0.40219.1
Project("{FAE04EC0-301F-11D3-BF4B-00C04F79EFBC}") = "SomeC#problem", "SomeC#problem\SomeC#problem.csproj", "{0F1FEB01-88E2-4442-805C-CC75CAC9E821}"
EndProject
Global
	GlobalSection(SolutionConfigurationPlatforms) = preSolution
		Debug|Any CPU = Debug|Any CPU
		Release|Any CPU = Release|Any CPU
	EndGlobalSection
	GlobalSection(ProjectConfigurationPlatforms) = postSolution
		{0F1FEB01-88E2-4442-805C-CC75CAC9E821}.Debug|Any CPU.ActiveCfg = Debug|Any CPU
		{0F1FEB01-88E2-4442-805C-CC75CAC9E821}.Debug|Any CPU.Build.0 = Debug|Any CPU
		{0F1FEB01-88E2-4442-805C-CC75CAC9E821}.Release|Any CPU.ActiveCfg = Release|Any CPU
		{0F1FEB01-88E2-4442-805C-CC75CAC9E821}.Release|Any CPU.Build.0 = Release|Any CPU
	EndGlobalSection
	GlobalSection(SolutionProperties) = preSolution
		HideSolutionNode = FALSE
	EndGlobalSection
	GlobalSection(ExtensibilityGlobals) = postSolution
		SolutionGuid = {498CEC03-DABD-405F-9A10-DC5734330F85}
	EndGlobalSection
EndGlobal
