
Microsoft Visual Studio Solution File, Format Version 12.00
# Visual Studio Version 17
VisualStudioVersion = 17.6.33723.286
MinimumVisualStudioVersion = 10.0.40219.1
Project("{FAE04EC0-301F-11D3-BF4B-00C04F79EFBC}") = "File Function", "File Function\File Function.csproj", "{417F3832-1E39-436D-8322-7E3C10789D25}"
EndProject
Global
	GlobalSection(SolutionConfigurationPlatforms) = preSolution
		Debug|Any CPU = Debug|Any CPU
		Release|Any CPU = Release|Any CPU
	EndGlobalSection
	GlobalSection(ProjectConfigurationPlatforms) = postSolution
		{417F3832-1E39-436D-8322-7E3C10789D25}.Debug|Any CPU.ActiveCfg = Debug|Any CPU
		{417F3832-1E39-436D-8322-7E3C10789D25}.Debug|Any CPU.Build.0 = Debug|Any CPU
		{417F3832-1E39-436D-8322-7E3C10789D25}.Release|Any CPU.ActiveCfg = Release|Any CPU
		{417F3832-1E39-436D-8322-7E3C10789D25}.Release|Any CPU.Build.0 = Release|Any CPU
	EndGlobalSection
	GlobalSection(SolutionProperties) = preSolution
		HideSolutionNode = FALSE
	EndGlobalSection
	GlobalSection(ExtensibilityGlobals) = postSolution
		SolutionGuid = {E4202814-DC11-4445-837F-7D7417A9C984}
	EndGlobalSection
EndGlobal
