
Microsoft Visual Studio Solution File, Format Version 12.00
# Visual Studio Version 17
VisualStudioVersion = 17.6.33723.286
MinimumVisualStudioVersion = 10.0.40219.1
Project("{FAE04EC0-301F-11D3-BF4B-00C04F79EFBC}") = "July3", "July3\July3.csproj", "{2800C67F-DE91-4CCA-8358-D6016DF1D0A9}"
EndProject
Global
	GlobalSection(SolutionConfigurationPlatforms) = preSolution
		Debug|Any CPU = Debug|Any CPU
		Release|Any CPU = Release|Any CPU
	EndGlobalSection
	GlobalSection(ProjectConfigurationPlatforms) = postSolution
		{2800C67F-DE91-4CCA-8358-D6016DF1D0A9}.Debug|Any CPU.ActiveCfg = Debug|Any CPU
		{2800C67F-DE91-4CCA-8358-D6016DF1D0A9}.Debug|Any CPU.Build.0 = Debug|Any CPU
		{2800C67F-DE91-4CCA-8358-D6016DF1D0A9}.Release|Any CPU.ActiveCfg = Release|Any CPU
		{2800C67F-DE91-4CCA-8358-D6016DF1D0A9}.Release|Any CPU.Build.0 = Release|Any CPU
	EndGlobalSection
	GlobalSection(SolutionProperties) = preSolution
		HideSolutionNode = FALSE
	EndGlobalSection
	GlobalSection(ExtensibilityGlobals) = postSolution
		SolutionGuid = {AB4A6196-95A5-4BDE-8D25-654CDF267AC3}
	EndGlobalSection
EndGlobal
